
Microsoft Visual Studio Solution File, Format Version 12.00
# Visual Studio Version 17
VisualStudioVersion = 17.0.32014.148
MinimumVisualStudioVersion = 10.0.40219.1
Project("{FAE04EC0-301F-11D3-BF4B-00C04F79EFBC}") = "Obermind", "Obermind.csproj", "{74698EB6-7A46-4B43-88F4-BE2C63CAFFD1}"
EndProject
Global
	GlobalSection(SolutionConfigurationPlatforms) = preSolution
		Debug|Any CPU = Debug|Any CPU
		Release|Any CPU = Release|Any CPU
	EndGlobalSection
	GlobalSection(ProjectConfigurationPlatforms) = postSolution
		{74698EB6-7A46-4B43-88F4-BE2C63CAFFD1}.Debug|Any CPU.ActiveCfg = Debug|Any CPU
		{74698EB6-7A46-4B43-88F4-BE2C63CAFFD1}.Debug|Any CPU.Build.0 = Debug|Any CPU
		{74698EB6-7A46-4B43-88F4-BE2C63CAFFD1}.Release|Any CPU.ActiveCfg = Release|Any CPU
		{74698EB6-7A46-4B43-88F4-BE2C63CAFFD1}.Release|Any CPU.Build.0 = Release|Any CPU
	EndGlobalSection
	GlobalSection(SolutionProperties) = preSolution
		HideSolutionNode = FALSE
	EndGlobalSection
	GlobalSection(ExtensibilityGlobals) = postSolution
		SolutionGuid = {940CE5AA-22A2-4988-9EC5-757C468D69A0}
	EndGlobalSection
EndGlobal
